
Microsoft Visual Studio Solution File, Format Version 12.00
# Visual Studio Version 16
VisualStudioVersion = 16.0.29123.88
MinimumVisualStudioVersion = 10.0.40219.1
Project("{FAE04EC0-301F-11D3-BF4B-00C04F79EFBC}") = "MyWebServer", "MyWebServer\MyWebServer.csproj", "{5701300A-C11A-42BD-8DD7-FAFD7BDD9DBA}"
EndProject
Global
	GlobalSection(SolutionConfigurationPlatforms) = preSolution
		Debug|Any CPU = Debug|Any CPU
		Release|Any CPU = Release|Any CPU
	EndGlobalSection
	GlobalSection(ProjectConfigurationPlatforms) = postSolution
		{5701300A-C11A-42BD-8DD7-FAFD7BDD9DBA}.Debug|Any CPU.ActiveCfg = Debug|Any CPU
		{5701300A-C11A-42BD-8DD7-FAFD7BDD9DBA}.Debug|Any CPU.Build.0 = Debug|Any CPU
		{5701300A-C11A-42BD-8DD7-FAFD7BDD9DBA}.Release|Any CPU.ActiveCfg = Release|Any CPU
		{5701300A-C11A-42BD-8DD7-FAFD7BDD9DBA}.Release|Any CPU.Build.0 = Release|Any CPU
	EndGlobalSection
	GlobalSection(SolutionProperties) = preSolution
		HideSolutionNode = FALSE
	EndGlobalSection
	GlobalSection(ExtensibilityGlobals) = postSolution
		SolutionGuid = {6DA56FED-0F52-43C5-B056-59915F8D97BD}
	EndGlobalSection
EndGlobal
